
Microsoft Visual Studio Solution File, Format Version 12.00
# Visual Studio 14
VisualStudioVersion = 14.0.25420.1
MinimumVisualStudioVersion = 10.0.40219.1
Project("{FAE04EC0-301F-11D3-BF4B-00C04F79EFBC}") = "PubSubEngine", "PubSubEngine\PubSubEngine.csproj", "{A45B1120-DC53-4617-935E-A6F173769199}"
EndProject
Project("{FAE04EC0-301F-11D3-BF4B-00C04F79EFBC}") = "Common", "Common\Common.csproj", "{F793F4CA-CC0B-41DB-A190-AF6C79A0A69B}"
EndProject
Project("{FAE04EC0-301F-11D3-BF4B-00C04F79EFBC}") = "PublisherWPF", "PublisherWPF\PublisherWPF.csproj", "{75BD4534-C7C5-4775-81E2-D212B48182F7}"
EndProject
Project("{FAE04EC0-301F-11D3-BF4B-00C04F79EFBC}") = "SubscriberWPF", "SubscriberWPF\SubscriberWPF.csproj", "{D85D7981-3964-4B16-8CC1-37FBE360D44A}"
EndProject
Project("{FAE04EC0-301F-11D3-BF4B-00C04F79EFBC}") = "ClientWPF", "ClientWPF\ClientWPF.csproj", "{59FB1F60-1E12-46C8-9014-6FE43174C194}"
EndProject
Project("{FAE04EC0-301F-11D3-BF4B-00C04F79EFBC}") = "SysLog", "SysLog\SysLog.csproj", "{463361E0-BA67-4781-8B3D-745FCE19E75D}"
EndProject
Project("{FAE04EC0-301F-11D3-BF4B-00C04F79EFBC}") = "Manager", "Manager\Manager.csproj", "{4930FB6A-BC02-490D-AB41-911FD1C90F04}"
EndProject
Global
	GlobalSection(SolutionConfigurationPlatforms) = preSolution
		Debug|Any CPU = Debug|Any CPU
		Debug|x86 = Debug|x86
		Release|Any CPU = Release|Any CPU
		Release|x86 = Release|x86
	EndGlobalSection
	GlobalSection(ProjectConfigurationPlatforms) = postSolution
		{A45B1120-DC53-4617-935E-A6F173769199}.Debug|Any CPU.ActiveCfg = Debug|Any CPU
		{A45B1120-DC53-4617-935E-A6F173769199}.Debug|Any CPU.Build.0 = Debug|Any CPU
		{A45B1120-DC53-4617-935E-A6F173769199}.Debug|x86.ActiveCfg = Debug|x86
		{A45B1120-DC53-4617-935E-A6F173769199}.Debug|x86.Build.0 = Debug|x86
		{A45B1120-DC53-4617-935E-A6F173769199}.Release|Any CPU.ActiveCfg = Release|Any CPU
		{A45B1120-DC53-4617-935E-A6F173769199}.Release|Any CPU.Build.0 = Release|Any CPU
		{A45B1120-DC53-4617-935E-A6F173769199}.Release|x86.ActiveCfg = Release|x86
		{A45B1120-DC53-4617-935E-A6F173769199}.Release|x86.Build.0 = Release|x86
		{F793F4CA-CC0B-41DB-A190-AF6C79A0A69B}.Debug|Any CPU.ActiveCfg = Debug|Any CPU
		{F793F4CA-CC0B-41DB-A190-AF6C79A0A69B}.Debug|Any CPU.Build.0 = Debug|Any CPU
		{F793F4CA-CC0B-41DB-A190-AF6C79A0A69B}.Debug|x86.ActiveCfg = Debug|x86
		{F793F4CA-CC0B-41DB-A190-AF6C79A0A69B}.Debug|x86.Build.0 = Debug|x86
		{F793F4CA-CC0B-41DB-A190-AF6C79A0A69B}.Release|Any CPU.ActiveCfg = Release|Any CPU
		{F793F4CA-CC0B-41DB-A190-AF6C79A0A69B}.Release|Any CPU.Build.0 = Release|Any CPU
		{F793F4CA-CC0B-41DB-A190-AF6C79A0A69B}.Release|x86.ActiveCfg = Release|x86
		{F793F4CA-CC0B-41DB-A190-AF6C79A0A69B}.Release|x86.Build.0 = Release|x86
		{75BD4534-C7C5-4775-81E2-D212B48182F7}.Debug|Any CPU.ActiveCfg = Debug|Any CPU
		{75BD4534-C7C5-4775-81E2-D212B48182F7}.Debug|Any CPU.Build.0 = Debug|Any CPU
		{75BD4534-C7C5-4775-81E2-D212B48182F7}.Debug|x86.ActiveCfg = Debug|x86
		{75BD4534-C7C5-4775-81E2-D212B48182F7}.Debug|x86.Build.0 = Debug|x86
		{75BD4534-C7C5-4775-81E2-D212B48182F7}.Release|Any CPU.ActiveCfg = Release|Any CPU
		{75BD4534-C7C5-4775-81E2-D212B48182F7}.Release|Any CPU.Build.0 = Release|Any CPU
		{75BD4534-C7C5-4775-81E2-D212B48182F7}.Release|x86.ActiveCfg = Release|x86
		{75BD4534-C7C5-4775-81E2-D212B48182F7}.Release|x86.Build.0 = Release|x86
		{D85D7981-3964-4B16-8CC1-37FBE360D44A}.Debug|Any CPU.ActiveCfg = Debug|Any CPU
		{D85D7981-3964-4B16-8CC1-37FBE360D44A}.Debug|Any CPU.Build.0 = Debug|Any CPU
		{D85D7981-3964-4B16-8CC1-37FBE360D44A}.Debug|x86.ActiveCfg = Debug|x86
		{D85D7981-3964-4B16-8CC1-37FBE360D44A}.Debug|x86.Build.0 = Debug|x86
		{D85D7981-3964-4B16-8CC1-37FBE360D44A}.Release|Any CPU.ActiveCfg = Release|Any CPU
		{D85D7981-3964-4B16-8CC1-37FBE360D44A}.Release|Any CPU.Build.0 = Release|Any CPU
		{D85D7981-3964-4B16-8CC1-37FBE360D44A}.Release|x86.ActiveCfg = Release|x86
		{D85D7981-3964-4B16-8CC1-37FBE360D44A}.Release|x86.Build.0 = Release|x86
		{59FB1F60-1E12-46C8-9014-6FE43174C194}.Debug|Any CPU.ActiveCfg = Debug|Any CPU
		{59FB1F60-1E12-46C8-9014-6FE43174C194}.Debug|Any CPU.Build.0 = Debug|Any CPU
		{59FB1F60-1E12-46C8-9014-6FE43174C194}.Debug|x86.ActiveCfg = Debug|x86
		{59FB1F60-1E12-46C8-9014-6FE43174C194}.Debug|x86.Build.0 = Debug|x86
		{59FB1F60-1E12-46C8-9014-6FE43174C194}.Release|Any CPU.ActiveCfg = Release|Any CPU
		{59FB1F60-1E12-46C8-9014-6FE43174C194}.Release|Any CPU.Build.0 = Release|Any CPU
		{59FB1F60-1E12-46C8-9014-6FE43174C194}.Release|x86.ActiveCfg = Release|x86
		{59FB1F60-1E12-46C8-9014-6FE43174C194}.Release|x86.Build.0 = Release|x86
		{463361E0-BA67-4781-8B3D-745FCE19E75D}.Debug|Any CPU.ActiveCfg = Debug|Any CPU
		{463361E0-BA67-4781-8B3D-745FCE19E75D}.Debug|Any CPU.Build.0 = Debug|Any CPU
		{463361E0-BA67-4781-8B3D-745FCE19E75D}.Debug|x86.ActiveCfg = Debug|x86
		{463361E0-BA67-4781-8B3D-745FCE19E75D}.Debug|x86.Build.0 = Debug|x86
		{463361E0-BA67-4781-8B3D-745FCE19E75D}.Release|Any CPU.ActiveCfg = Release|Any CPU
		{463361E0-BA67-4781-8B3D-745FCE19E75D}.Release|Any CPU.Build.0 = Release|Any CPU
		{463361E0-BA67-4781-8B3D-745FCE19E75D}.Release|x86.ActiveCfg = Release|x86
		{463361E0-BA67-4781-8B3D-745FCE19E75D}.Release|x86.Build.0 = Release|x86
		{4930FB6A-BC02-490D-AB41-911FD1C90F04}.Debug|Any CPU.ActiveCfg = Debug|Any CPU
		{4930FB6A-BC02-490D-AB41-911FD1C90F04}.Debug|Any CPU.Build.0 = Debug|Any CPU
		{4930FB6A-BC02-490D-AB41-911FD1C90F04}.Debug|x86.ActiveCfg = Debug|x86
		{4930FB6A-BC02-490D-AB41-911FD1C90F04}.Debug|x86.Build.0 = Debug|x86
		{4930FB6A-BC02-490D-AB41-911FD1C90F04}.Release|Any CPU.ActiveCfg = Release|Any CPU
		{4930FB6A-BC02-490D-AB41-911FD1C90F04}.Release|Any CPU.Build.0 = Release|Any CPU
		{4930FB6A-BC02-490D-AB41-911FD1C90F04}.Release|x86.ActiveCfg = Release|x86
		{4930FB6A-BC02-490D-AB41-911FD1C90F04}.Release|x86.Build.0 = Release|x86
	EndGlobalSection
	GlobalSection(SolutionProperties) = preSolution
		HideSolutionNode = FALSE
	EndGlobalSection
	GlobalSection(ExtensibilityGlobals) = postSolution
		SolutionGuid = {D3642D93-46E0-491F-8F75-813C5623EE7A}
	EndGlobalSection
EndGlobal
